
Microsoft Visual Studio Solution File, Format Version 12.00
# Visual Studio 15
VisualStudioVersion = 15.0.28010.2046
MinimumVisualStudioVersion = 10.0.40219.1
Project("{FAE04EC0-301F-11D3-BF4B-00C04F79EFBC}") = "cs_lesson5.1", "cs_lesson5.1\cs_lesson5.1.csproj", "{523DA18E-3C75-4731-B832-4D77ECBD53FE}"
EndProject
Global
	GlobalSection(SolutionConfigurationPlatforms) = preSolution
		Debug|Any CPU = Debug|Any CPU
		Release|Any CPU = Release|Any CPU
	EndGlobalSection
	GlobalSection(ProjectConfigurationPlatforms) = postSolution
		{523DA18E-3C75-4731-B832-4D77ECBD53FE}.Debug|Any CPU.ActiveCfg = Debug|Any CPU
		{523DA18E-3C75-4731-B832-4D77ECBD53FE}.Debug|Any CPU.Build.0 = Debug|Any CPU
		{523DA18E-3C75-4731-B832-4D77ECBD53FE}.Release|Any CPU.ActiveCfg = Release|Any CPU
		{523DA18E-3C75-4731-B832-4D77ECBD53FE}.Release|Any CPU.Build.0 = Release|Any CPU
	EndGlobalSection
	GlobalSection(SolutionProperties) = preSolution
		HideSolutionNode = FALSE
	EndGlobalSection
	GlobalSection(ExtensibilityGlobals) = postSolution
		SolutionGuid = {32C9F9A5-F5A8-41A2-9751-8B609F35DD35}
	EndGlobalSection
EndGlobal
